// !$*UTF8*$!
{
	archiveVersion = 1;
	classes = {
	};
	objectVersion = 56;
	objects = {

/* Begin PBXBuildFile section */
		F051D12D2996995800EB155A /* AppDelegate.swift in Sources */ = {isa = PBXBuildFile; fileRef = F051D12C2996995800EB155A /* AppDelegate.swift */; };
		F051D12F2996995800EB155A /* SceneDelegate.swift in Sources */ = {isa = PBXBuildFile; fileRef = F051D12E2996995800EB155A /* SceneDelegate.swift */; };
		F051D1362996995A00EB155A /* Assets.xcassets in Resources */ = {isa = PBXBuildFile; fileRef = F051D1352996995A00EB155A /* Assets.xcassets */; };
		F051D1392996995A00EB155A /* LaunchScreen.storyboard in Resources */ = {isa = PBXBuildFile; fileRef = F051D1372996995A00EB155A /* LaunchScreen.storyboard */; };
		F051D147299BA3BA00EB155A /* BaseViewController.swift in Sources */ = {isa = PBXBuildFile; fileRef = F051D146299BA3BA00EB155A /* BaseViewController.swift */; };
		F0A0B08A299BC29E00EE5320 /* EntryBuilder.swift in Sources */ = {isa = PBXBuildFile; fileRef = F0A0B089299BC29E00EE5320 /* EntryBuilder.swift */; };
		F0A0B08D299BC4F600EE5320 /* MainBuilder.swift in Sources */ = {isa = PBXBuildFile; fileRef = F0A0B08C299BC4F600EE5320 /* MainBuilder.swift */; };
		F0A0B090299BC5EF00EE5320 /* BaseModuleBuilder.swift in Sources */ = {isa = PBXBuildFile; fileRef = F0A0B08F299BC5EF00EE5320 /* BaseModuleBuilder.swift */; };
		F0A0B092299BC68C00EE5320 /* MainInteractor.swift in Sources */ = {isa = PBXBuildFile; fileRef = F0A0B091299BC68C00EE5320 /* MainInteractor.swift */; };
		F0A0B094299BC69900EE5320 /* MainViewController.swift in Sources */ = {isa = PBXBuildFile; fileRef = F0A0B093299BC69900EE5320 /* MainViewController.swift */; };
/* End PBXBuildFile section */

/* Begin PBXFileReference section */
		F051D1292996995800EB155A /* MovieShare.app */ = {isa = PBXFileReference; explicitFileType = wrapper.application; includeInIndex = 0; path = MovieShare.app; sourceTree = BUILT_PRODUCTS_DIR; };
		F051D12C2996995800EB155A /* AppDelegate.swift */ = {isa = PBXFileReference; lastKnownFileType = sourcecode.swift; path = AppDelegate.swift; sourceTree = "<group>"; };
		F051D12E2996995800EB155A /* SceneDelegate.swift */ = {isa = PBXFileReference; lastKnownFileType = sourcecode.swift; path = SceneDelegate.swift; sourceTree = "<group>"; };
		F051D1352996995A00EB155A /* Assets.xcassets */ = {isa = PBXFileReference; lastKnownFileType = folder.assetcatalog; path = Assets.xcassets; sourceTree = "<group>"; };
		F051D1382996995A00EB155A /* Base */ = {isa = PBXFileReference; lastKnownFileType = file.storyboard; name = Base; path = Base.lproj/LaunchScreen.storyboard; sourceTree = "<group>"; };
		F051D13A2996995A00EB155A /* Info.plist */ = {isa = PBXFileReference; lastKnownFileType = text.plist.xml; path = Info.plist; sourceTree = "<group>"; };
		F051D146299BA3BA00EB155A /* BaseViewController.swift */ = {isa = PBXFileReference; lastKnownFileType = sourcecode.swift; path = BaseViewController.swift; sourceTree = "<group>"; };
		F0A0B089299BC29E00EE5320 /* EntryBuilder.swift */ = {isa = PBXFileReference; lastKnownFileType = sourcecode.swift; path = EntryBuilder.swift; sourceTree = "<group>"; };
		F0A0B08C299BC4F600EE5320 /* MainBuilder.swift */ = {isa = PBXFileReference; lastKnownFileType = sourcecode.swift; path = MainBuilder.swift; sourceTree = "<group>"; };
		F0A0B08F299BC5EF00EE5320 /* BaseModuleBuilder.swift */ = {isa = PBXFileReference; lastKnownFileType = sourcecode.swift; path = BaseModuleBuilder.swift; sourceTree = "<group>"; };
		F0A0B091299BC68C00EE5320 /* MainInteractor.swift */ = {isa = PBXFileReference; lastKnownFileType = sourcecode.swift; path = MainInteractor.swift; sourceTree = "<group>"; };
		F0A0B093299BC69900EE5320 /* MainViewController.swift */ = {isa = PBXFileReference; lastKnownFileType = sourcecode.swift; path = MainViewController.swift; sourceTree = "<group>"; };
/* End PBXFileReference section */

/* Begin PBXFrameworksBuildPhase section */
		F051D1262996995800EB155A /* Frameworks */ = {
			isa = PBXFrameworksBuildPhase;
			buildActionMask = 2147483647;
			files = (
			);
			runOnlyForDeploymentPostprocessing = 0;
		};
/* End PBXFrameworksBuildPhase section */

/* Begin PBXGroup section */
		F051D1202996995800EB155A = {
			isa = PBXGroup;
			children = (
				F051D12B2996995800EB155A /* MovieShare */,
				F051D12A2996995800EB155A /* Products */,
			);
			sourceTree = "<group>";
		};
		F051D12A2996995800EB155A /* Products */ = {
			isa = PBXGroup;
			children = (
				F051D1292996995800EB155A /* MovieShare.app */,
			);
			name = Products;
			sourceTree = "<group>";
		};
		F051D12B2996995800EB155A /* MovieShare */ = {
			isa = PBXGroup;
			children = (
				F051D142299BA0C800EB155A /* Resources */,
				F051D140299BA0A900EB155A /* Sources */,
			);
			path = MovieShare;
			sourceTree = "<group>";
		};
		F051D140299BA0A900EB155A /* Sources */ = {
			isa = PBXGroup;
			children = (
				F051D141299BA0B800EB155A /* Common */,
				F051D143299BA0E500EB155A /* Modules */,
			);
			path = Sources;
			sourceTree = "<group>";
		};
		F051D141299BA0B800EB155A /* Common */ = {
			isa = PBXGroup;
			children = (
				F051D145299BA3AC00EB155A /* Base */,
				F051D144299BA10E00EB155A /* App */,
			);
			path = Common;
			sourceTree = "<group>";
		};
		F051D142299BA0C800EB155A /* Resources */ = {
			isa = PBXGroup;
			children = (
				F051D1352996995A00EB155A /* Assets.xcassets */,
				F051D13A2996995A00EB155A /* Info.plist */,
			);
			path = Resources;
			sourceTree = "<group>";
		};
		F051D143299BA0E500EB155A /* Modules */ = {
			isa = PBXGroup;
			children = (
				F0A0B08B299BC4CF00EE5320 /* Main */,
				F0A0B088299BC29200EE5320 /* Entry */,
			);
			path = Modules;
			sourceTree = "<group>";
		};
		F051D144299BA10E00EB155A /* App */ = {
			isa = PBXGroup;
			children = (
				F051D12C2996995800EB155A /* AppDelegate.swift */,
				F051D12E2996995800EB155A /* SceneDelegate.swift */,
				F051D1372996995A00EB155A /* LaunchScreen.storyboard */,
			);
			path = App;
			sourceTree = "<group>";
		};
		F051D145299BA3AC00EB155A /* Base */ = {
			isa = PBXGroup;
			children = (
				F051D146299BA3BA00EB155A /* BaseViewController.swift */,
				F0A0B08F299BC5EF00EE5320 /* BaseModuleBuilder.swift */,
			);
			path = Base;
			sourceTree = "<group>";
		};
		F0A0B088299BC29200EE5320 /* Entry */ = {
			isa = PBXGroup;
			children = (
				F0A0B089299BC29E00EE5320 /* EntryBuilder.swift */,
			);
			path = Entry;
			sourceTree = "<group>";
		};
		F0A0B08B299BC4CF00EE5320 /* Main */ = {
			isa = PBXGroup;
			children = (
				F0A0B08C299BC4F600EE5320 /* MainBuilder.swift */,
				F0A0B091299BC68C00EE5320 /* MainInteractor.swift */,
				F0A0B093299BC69900EE5320 /* MainViewController.swift */,
			);
			path = Main;
			sourceTree = "<group>";
		};
/* End PBXGroup section */

/* Begin PBXNativeTarget section */
		F051D1282996995800EB155A /* MovieShare */ = {
			isa = PBXNativeTarget;
			buildConfigurationList = F051D13D2996995A00EB155A /* Build configuration list for PBXNativeTarget "MovieShare" */;
			buildPhases = (
				F051D1252996995800EB155A /* Sources */,
				F051D1262996995800EB155A /* Frameworks */,
				F051D1272996995800EB155A /* Resources */,
			);
			buildRules = (
			);
			dependencies = (
			);
			name = MovieShare;
			productName = MovieShare;
			productReference = F051D1292996995800EB155A /* MovieShare.app */;
			productType = "com.apple.product-type.application";
		};
/* End PBXNativeTarget section */

/* Begin PBXProject section */
		F051D1212996995800EB155A /* Project object */ = {
			isa = PBXProject;
			attributes = {
				BuildIndependentTargetsInParallel = 1;
				LastSwiftUpdateCheck = 1420;
				LastUpgradeCheck = 1420;
				TargetAttributes = {
					F051D1282996995800EB155A = {
						CreatedOnToolsVersion = 14.2;
					};
				};
			};
			buildConfigurationList = F051D1242996995800EB155A /* Build configuration list for PBXProject "MovieShare" */;
			compatibilityVersion = "Xcode 14.0";
			developmentRegion = en;
			hasScannedForEncodings = 0;
			knownRegions = (
				en,
				Base,
			);
			mainGroup = F051D1202996995800EB155A;
			productRefGroup = F051D12A2996995800EB155A /* Products */;
			projectDirPath = "";
			projectRoot = "";
			targets = (
				F051D1282996995800EB155A /* MovieShare */,
			);
		};
/* End PBXProject section */

/* Begin PBXResourcesBuildPhase section */
		F051D1272996995800EB155A /* Resources */ = {
			isa = PBXResourcesBuildPhase;
			buildActionMask = 2147483647;
			files = (
				F051D1392996995A00EB155A /* LaunchScreen.storyboard in Resources */,
				F051D1362996995A00EB155A /* Assets.xcassets in Resources */,
			);
			runOnlyForDeploymentPostprocessing = 0;
		};
/* End PBXResourcesBuildPhase section */

/* Begin PBXSourcesBuildPhase section */
		F051D1252996995800EB155A /* Sources */ = {
			isa = PBXSourcesBuildPhase;
			buildActionMask = 2147483647;
			files = (
				F051D12D2996995800EB155A /* AppDelegate.swift in Sources */,
				F051D12F2996995800EB155A /* SceneDelegate.swift in Sources */,
				F0A0B08A299BC29E00EE5320 /* EntryBuilder.swift in Sources */,
				F051D147299BA3BA00EB155A /* BaseViewController.swift in Sources */,
				F0A0B090299BC5EF00EE5320 /* BaseModuleBuilder.swift in Sources */,
				F0A0B092299BC68C00EE5320 /* MainInteractor.swift in Sources */,
				F0A0B08D299BC4F600EE5320 /* MainBuilder.swift in Sources */,
				F0A0B094299BC69900EE5320 /* MainViewController.swift in Sources */,
			);
			runOnlyForDeploymentPostprocessing = 0;
		};
/* End PBXSourcesBuildPhase section */

/* Begin PBXVariantGroup section */
		F051D1372996995A00EB155A /* LaunchScreen.storyboard */ = {
			isa = PBXVariantGroup;
			children = (
				F051D1382996995A00EB155A /* Base */,
			);
			name = LaunchScreen.storyboard;
			sourceTree = "<group>";
		};
/* End PBXVariantGroup section */

/* Begin XCBuildConfiguration section */
		F051D13B2996995A00EB155A /* Debug */ = {
			isa = XCBuildConfiguration;
			buildSettings = {
				ALWAYS_SEARCH_USER_PATHS = NO;
				CLANG_ANALYZER_NONNULL = YES;
				CLANG_ANALYZER_NUMBER_OBJECT_CONVERSION = YES_AGGRESSIVE;
				CLANG_CXX_LANGUAGE_STANDARD = "gnu++20";
				CLANG_ENABLE_MODULES = YES;
				CLANG_ENABLE_OBJC_ARC = YES;
				CLANG_ENABLE_OBJC_WEAK = YES;
				CLANG_WARN_BLOCK_CAPTURE_AUTORELEASING = YES;
				CLANG_WARN_BOOL_CONVERSION = YES;
				CLANG_WARN_COMMA = YES;
				CLANG_WARN_CONSTANT_CONVERSION = YES;
				CLANG_WARN_DEPRECATED_OBJC_IMPLEMENTATIONS = YES;
				CLANG_WARN_DIRECT_OBJC_ISA_USAGE = YES_ERROR;
				CLANG_WARN_DOCUMENTATION_COMMENTS = YES;
				CLANG_WARN_EMPTY_BODY = YES;
				CLANG_WARN_ENUM_CONVERSION = YES;
				CLANG_WARN_INFINITE_RECURSION = YES;
				CLANG_WARN_INT_CONVERSION = YES;
				CLANG_WARN_NON_LITERAL_NULL_CONVERSION = YES;
				CLANG_WARN_OBJC_IMPLICIT_RETAIN_SELF = YES;
				CLANG_WARN_OBJC_LITERAL_CONVERSION = YES;
				CLANG_WARN_OBJC_ROOT_CLASS = YES_ERROR;
				CLANG_WARN_QUOTED_INCLUDE_IN_FRAMEWORK_HEADER = YES;
				CLANG_WARN_RANGE_LOOP_ANALYSIS = YES;
				CLANG_WARN_STRICT_PROTOTYPES = YES;
				CLANG_WARN_SUSPICIOUS_MOVE = YES;
				CLANG_WARN_UNGUARDED_AVAILABILITY = YES_AGGRESSIVE;
				CLANG_WARN_UNREACHABLE_CODE = YES;
				CLANG_WARN__DUPLICATE_METHOD_MATCH = YES;
				COPY_PHASE_STRIP = NO;
				DEBUG_INFORMATION_FORMAT = dwarf;
				ENABLE_STRICT_OBJC_MSGSEND = YES;
				ENABLE_TESTABILITY = YES;
				GCC_C_LANGUAGE_STANDARD = gnu11;
				GCC_DYNAMIC_NO_PIC = NO;
				GCC_NO_COMMON_BLOCKS = YES;
				GCC_OPTIMIZATION_LEVEL = 0;
				GCC_PREPROCESSOR_DEFINITIONS = (
					"DEBUG=1",
					"$(inherited)",
				);
				GCC_WARN_64_TO_32_BIT_CONVERSION = YES;
				GCC_WARN_ABOUT_RETURN_TYPE = YES_ERROR;
				GCC_WARN_UNDECLARED_SELECTOR = YES;
				GCC_WARN_UNINITIALIZED_AUTOS = YES_AGGRESSIVE;
				GCC_WARN_UNUSED_FUNCTION = YES;
				GCC_WARN_UNUSED_VARIABLE = YES;
				INFOPLIST_FILE = /Users/mariyalitvinenko/Desktop/MovieShare/MovieShare/Resources/Info.plist;
				IPHONEOS_DEPLOYMENT_TARGET = 16.2;
				MTL_ENABLE_DEBUG_INFO = INCLUDE_SOURCE;
				MTL_FAST_MATH = YES;
				ONLY_ACTIVE_ARCH = YES;
				SDKROOT = iphoneos;
				SWIFT_ACTIVE_COMPILATION_CONDITIONS = DEBUG;
				SWIFT_OPTIMIZATION_LEVEL = "-Onone";
			};
			name = Debug;
		};
		F051D13C2996995A00EB155A /* Release */ = {
			isa = XCBuildConfiguration;
			buildSettings = {
				ALWAYS_SEARCH_USER_PATHS = NO;
				CLANG_ANALYZER_NONNULL = YES;
				CLANG_ANALYZER_NUMBER_OBJECT_CONVERSION = YES_AGGRESSIVE;
				CLANG_CXX_LANGUAGE_STANDARD = "gnu++20";
				CLANG_ENABLE_MODULES = YES;
				CLANG_ENABLE_OBJC_ARC = YES;
				CLANG_ENABLE_OBJC_WEAK = YES;
				CLANG_WARN_BLOCK_CAPTURE_AUTORELEASING = YES;
				CLANG_WARN_BOOL_CONVERSION = YES;
				CLANG_WARN_COMMA = YES;
				CLANG_WARN_CONSTANT_CONVERSION = YES;
				CLANG_WARN_DEPRECATED_OBJC_IMPLEMENTATIONS = YES;
				CLANG_WARN_DIRECT_OBJC_ISA_USAGE = YES_ERROR;
				CLANG_WARN_DOCUMENTATION_COMMENTS = YES;
				CLANG_WARN_EMPTY_BODY = YES;
				CLANG_WARN_ENUM_CONVERSION = YES;
				CLANG_WARN_INFINITE_RECURSION = YES;
				CLANG_WARN_INT_CONVERSION = YES;
				CLANG_WARN_NON_LITERAL_NULL_CONVERSION = YES;
				CLANG_WARN_OBJC_IMPLICIT_RETAIN_SELF = YES;
				CLANG_WARN_OBJC_LITERAL_CONVERSION = YES;
				CLANG_WARN_OBJC_ROOT_CLASS = YES_ERROR;
				CLANG_WARN_QUOTED_INCLUDE_IN_FRAMEWORK_HEADER = YES;
				CLANG_WARN_RANGE_LOOP_ANALYSIS = YES;
				CLANG_WARN_STRICT_PROTOTYPES = YES;
				CLANG_WARN_SUSPICIOUS_MOVE = YES;
				CLANG_WARN_UNGUARDED_AVAILABILITY = YES_AGGRESSIVE;
				CLANG_WARN_UNREACHABLE_CODE = YES;
				CLANG_WARN__DUPLICATE_METHOD_MATCH = YES;
				COPY_PHASE_STRIP = NO;
				DEBUG_INFORMATION_FORMAT = "dwarf-with-dsym";
				ENABLE_NS_ASSERTIONS = NO;
				ENABLE_STRICT_OBJC_MSGSEND = YES;
				GCC_C_LANGUAGE_STANDARD = gnu11;
				GCC_NO_COMMON_BLOCKS = YES;
				GCC_WARN_64_TO_32_BIT_CONVERSION = YES;
				GCC_WARN_ABOUT_RETURN_TYPE = YES_ERROR;
				GCC_WARN_UNDECLARED_SELECTOR = YES;
				GCC_WARN_UNINITIALIZED_AUTOS = YES_AGGRESSIVE;
				GCC_WARN_UNUSED_FUNCTION = YES;
				GCC_WARN_UNUSED_VARIABLE = YES;
				INFOPLIST_FILE = /Users/mariyalitvinenko/Desktop/MovieShare/MovieShare/Resources/Info.plist;
				IPHONEOS_DEPLOYMENT_TARGET = 16.2;
				MTL_ENABLE_DEBUG_INFO = NO;
				MTL_FAST_MATH = YES;
				SDKROOT = iphoneos;
				SWIFT_COMPILATION_MODE = wholemodule;
				SWIFT_OPTIMIZATION_LEVEL = "-O";
				VALIDATE_PRODUCT = YES;
			};
			name = Release;
		};
		F051D13E2996995A00EB155A /* Debug */ = {
			isa = XCBuildConfiguration;
			buildSettings = {
				ASSETCATALOG_COMPILER_APPICON_NAME = AppIcon;
				ASSETCATALOG_COMPILER_GLOBAL_ACCENT_COLOR_NAME = AccentColor;
				CODE_SIGN_STYLE = Automatic;
				CURRENT_PROJECT_VERSION = 1;
				GENERATE_INFOPLIST_FILE = YES;
				INFOPLIST_FILE = MovieShare/Resources/Info.plist;
				INFOPLIST_KEY_UIApplicationSupportsIndirectInputEvents = YES;
				INFOPLIST_KEY_UILaunchStoryboardName = LaunchScreen;
				INFOPLIST_KEY_UIMainStoryboardFile = "";
				INFOPLIST_KEY_UISupportedInterfaceOrientations_iPad = "UIInterfaceOrientationPortrait UIInterfaceOrientationPortraitUpsideDown UIInterfaceOrientationLandscapeLeft UIInterfaceOrientationLandscapeRight";
				INFOPLIST_KEY_UISupportedInterfaceOrientations_iPhone = "UIInterfaceOrientationPortrait UIInterfaceOrientationLandscapeLeft UIInterfaceOrientationLandscapeRight";
				IPHONEOS_DEPLOYMENT_TARGET = 15.0;
				LD_RUNPATH_SEARCH_PATHS = (
					"$(inherited)",
					"@executable_path/Frameworks",
				);
				MARKETING_VERSION = 1.0;
				PRODUCT_BUNDLE_IDENTIFIER = me.litvinenko.mariya.MovieShare;
				PRODUCT_NAME = "$(TARGET_NAME)";
				SWIFT_EMIT_LOC_STRINGS = YES;
				SWIFT_VERSION = 5.0;
				TARGETED_DEVICE_FAMILY = "1,2";
			};
			name = Debug;
		};
		F051D13F2996995A00EB155A /* Release */ = {
			isa = XCBuildConfiguration;
			buildSettings = {
				ASSETCATALOG_COMPILER_APPICON_NAME = AppIcon;
				ASSETCATALOG_COMPILER_GLOBAL_ACCENT_COLOR_NAME = AccentColor;
				CODE_SIGN_STYLE = Automatic;
				CURRENT_PROJECT_VERSION = 1;
				GENERATE_INFOPLIST_FILE = YES;
				INFOPLIST_FILE = MovieShare/Resources/Info.plist;
				INFOPLIST_KEY_UIApplicationSupportsIndirectInputEvents = YES;
				INFOPLIST_KEY_UILaunchStoryboardName = LaunchScreen;
				INFOPLIST_KEY_UIMainStoryboardFile = "";
				INFOPLIST_KEY_UISupportedInterfaceOrientations_iPad = "UIInterfaceOrientationPortrait UIInterfaceOrientationPortraitUpsideDown UIInterfaceOrientationLandscapeLeft UIInterfaceOrientationLandscapeRight";
				INFOPLIST_KEY_UISupportedInterfaceOrientations_iPhone = "UIInterfaceOrientationPortrait UIInterfaceOrientationLandscapeLeft UIInterfaceOrientationLandscapeRight";
				IPHONEOS_DEPLOYMENT_TARGET = 15.0;
				LD_RUNPATH_SEARCH_PATHS = (
					"$(inherited)",
					"@executable_path/Frameworks",
				);
				MARKETING_VERSION = 1.0;
				PRODUCT_BUNDLE_IDENTIFIER = me.litvinenko.mariya.MovieShare;
				PRODUCT_NAME = "$(TARGET_NAME)";
				SWIFT_EMIT_LOC_STRINGS = YES;
				SWIFT_VERSION = 5.0;
				TARGETED_DEVICE_FAMILY = "1,2";
			};
			name = Release;
		};
/* End XCBuildConfiguration section */

/* Begin XCConfigurationList section */
		F051D1242996995800EB155A /* Build configuration list for PBXProject "MovieShare" */ = {
			isa = XCConfigurationList;
			buildConfigurations = (
				F051D13B2996995A00EB155A /* Debug */,
				F051D13C2996995A00EB155A /* Release */,
			);
			defaultConfigurationIsVisible = 0;
			defaultConfigurationName = Release;
		};
		F051D13D2996995A00EB155A /* Build configuration list for PBXNativeTarget "MovieShare" */ = {
			isa = XCConfigurationList;
			buildConfigurations = (
				F051D13E2996995A00EB155A /* Debug */,
				F051D13F2996995A00EB155A /* Release */,
			);
			defaultConfigurationIsVisible = 0;
			defaultConfigurationName = Release;
		};
/* End XCConfigurationList section */
	};
	rootObject = F051D1212996995800EB155A /* Project object */;
}
